
Microsoft Visual Studio Solution File, Format Version 12.00
# Visual Studio Version 17
VisualStudioVersion = 17.7.34202.233
MinimumVisualStudioVersion = 10.0.40219.1
Project("{9A19103F-16F7-4668-BE54-9A1E7A4F7556}") = "DataAccess", "DataAccess\DataAccess.csproj", "{D9816509-1ABB-4927-8EFB-5339C8F46DFD}"
EndProject
Project("{9A19103F-16F7-4668-BE54-9A1E7A4F7556}") = "Business", "Business\Business.csproj", "{1B6903A9-9BB2-49E7-86CB-CAA3169FE229}"
EndProject
Project("{9A19103F-16F7-4668-BE54-9A1E7A4F7556}") = "Entities", "Entities\Entities.csproj", "{5761FC3E-43A4-47A7-A557-5396E2E01FF6}"
EndProject
Project("{9A19103F-16F7-4668-BE54-9A1E7A4F7556}") = "ConsoleUI", "ConsoleUI\ConsoleUI.csproj", "{37ACDA35-2652-41A3-ACCF-47927AFA62C0}"
EndProject
Project("{FAE04EC0-301F-11D3-BF4B-00C04F79EFBC}") = "Core", "Core\Core.csproj", "{AD678030-219C-405B-B72C-73714E0B3E47}"
EndProject
Global
	GlobalSection(SolutionConfigurationPlatforms) = preSolution
		Debug|Any CPU = Debug|Any CPU
		Release|Any CPU = Release|Any CPU
	EndGlobalSection
	GlobalSection(ProjectConfigurationPlatforms) = postSolution
		{D9816509-1ABB-4927-8EFB-5339C8F46DFD}.Debug|Any CPU.ActiveCfg = Debug|Any CPU
		{D9816509-1ABB-4927-8EFB-5339C8F46DFD}.Debug|Any CPU.Build.0 = Debug|Any CPU
		{D9816509-1ABB-4927-8EFB-5339C8F46DFD}.Release|Any CPU.ActiveCfg = Release|Any CPU
		{D9816509-1ABB-4927-8EFB-5339C8F46DFD}.Release|Any CPU.Build.0 = Release|Any CPU
		{1B6903A9-9BB2-49E7-86CB-CAA3169FE229}.Debug|Any CPU.ActiveCfg = Debug|Any CPU
		{1B6903A9-9BB2-49E7-86CB-CAA3169FE229}.Debug|Any CPU.Build.0 = Debug|Any CPU
		{1B6903A9-9BB2-49E7-86CB-CAA3169FE229}.Release|Any CPU.ActiveCfg = Release|Any CPU
		{1B6903A9-9BB2-49E7-86CB-CAA3169FE229}.Release|Any CPU.Build.0 = Release|Any CPU
		{5761FC3E-43A4-47A7-A557-5396E2E01FF6}.Debug|Any CPU.ActiveCfg = Debug|Any CPU
		{5761FC3E-43A4-47A7-A557-5396E2E01FF6}.Debug|Any CPU.Build.0 = Debug|Any CPU
		{5761FC3E-43A4-47A7-A557-5396E2E01FF6}.Release|Any CPU.ActiveCfg = Release|Any CPU
		{5761FC3E-43A4-47A7-A557-5396E2E01FF6}.Release|Any CPU.Build.0 = Release|Any CPU
		{37ACDA35-2652-41A3-ACCF-47927AFA62C0}.Debug|Any CPU.ActiveCfg = Debug|Any CPU
		{37ACDA35-2652-41A3-ACCF-47927AFA62C0}.Debug|Any CPU.Build.0 = Debug|Any CPU
		{37ACDA35-2652-41A3-ACCF-47927AFA62C0}.Release|Any CPU.ActiveCfg = Release|Any CPU
		{37ACDA35-2652-41A3-ACCF-47927AFA62C0}.Release|Any CPU.Build.0 = Release|Any CPU
		{AD678030-219C-405B-B72C-73714E0B3E47}.Debug|Any CPU.ActiveCfg = Debug|Any CPU
		{AD678030-219C-405B-B72C-73714E0B3E47}.Debug|Any CPU.Build.0 = Debug|Any CPU
		{AD678030-219C-405B-B72C-73714E0B3E47}.Release|Any CPU.ActiveCfg = Release|Any CPU
		{AD678030-219C-405B-B72C-73714E0B3E47}.Release|Any CPU.Build.0 = Release|Any CPU
	EndGlobalSection
	GlobalSection(SolutionProperties) = preSolution
		HideSolutionNode = FALSE
	EndGlobalSection
	GlobalSection(ExtensibilityGlobals) = postSolution
		SolutionGuid = {965EBDBD-E077-4A2D-816B-AD30D01DE719}
	EndGlobalSection
EndGlobal
